
Microsoft Visual Studio Solution File, Format Version 12.00
Project("{FAE04EC0-301F-11D3-BF4B-00C04F79EFBC}") = "WatchBack.Core", "src\WatchBack.Core\WatchBack.Core.csproj", "{F1E79AF9-5BF1-482B-8C95-EF26AF30E179}"
EndProject
Project("{2150E333-8FDC-42A3-9474-1A3956D46DE8}") = "src", "src", "{827E0CD3-B72D-47B6-A68D-7590B98EB39B}"
EndProject
Project("{FAE04EC0-301F-11D3-BF4B-00C04F79EFBC}") = "WatchBack.Infrastructure", "src\WatchBack.Infrastructure\WatchBack.Infrastructure.csproj", "{EBC8DE8D-D425-4A30-81D0-29DF3A0AED6A}"
EndProject
Project("{FAE04EC0-301F-11D3-BF4B-00C04F79EFBC}") = "WatchBack.Api", "src\WatchBack.Api\WatchBack.Api.csproj", "{A1B2C3D4-E5F6-4A5B-9C8D-E7F8A9B0C1D2}"
EndProject
Project("{2150E333-8FDC-42A3-9474-1A3956D46DE8}") = "tests", "tests", "{D8C7B6A5-9F8E-4D3C-2B1A-F0E9D8C7B6A5}"
EndProject
Project("{FAE04EC0-301F-11D3-BF4B-00C04F79EFBC}") = "WatchBack.Core.Tests", "tests\WatchBack.Core.Tests\WatchBack.Core.Tests.csproj", "{E5D4C3B2-A1F0-4E9D-8C7B-6A5F4E3D2C1B}"
EndProject
Project("{FAE04EC0-301F-11D3-BF4B-00C04F79EFBC}") = "WatchBack.Infrastructure.Tests", "tests\WatchBack.Infrastructure.Tests\WatchBack.Infrastructure.Tests.csproj", "{C1B2A3F4-5E6D-7C8B-9A0D-1E2F3A4B5C6D}"
EndProject
Project("{FAE04EC0-301F-11D3-BF4B-00C04F79EFBC}") = "WatchBack.Api.Tests", "tests\WatchBack.Api.Tests\WatchBack.Api.Tests.csproj", "{7F6E5D4C-3B2A-1F0E-9D8C-7B6A5F4E3D2C}"
EndProject
Project("{FAE04EC0-301F-11D3-BF4B-00C04F79EFBC}") = "WatchBack.Resources", "src\WatchBack.Resources\WatchBack.Resources.csproj", "{7350DAF4-7BC8-4C84-AF26-A3BDA82A88F5}"
EndProject
Global
	GlobalSection(SolutionConfigurationPlatforms) = preSolution
		Debug|Any CPU = Debug|Any CPU
		Debug|x64 = Debug|x64
		Debug|x86 = Debug|x86
		Release|Any CPU = Release|Any CPU
		Release|x64 = Release|x64
		Release|x86 = Release|x86
	EndGlobalSection
	GlobalSection(ProjectConfigurationPlatforms) = postSolution
		{F1E79AF9-5BF1-482B-8C95-EF26AF30E179}.Debug|Any CPU.ActiveCfg = Debug|Any CPU
		{F1E79AF9-5BF1-482B-8C95-EF26AF30E179}.Debug|Any CPU.Build.0 = Debug|Any CPU
		{F1E79AF9-5BF1-482B-8C95-EF26AF30E179}.Debug|x64.ActiveCfg = Debug|Any CPU
		{F1E79AF9-5BF1-482B-8C95-EF26AF30E179}.Debug|x64.Build.0 = Debug|Any CPU
		{F1E79AF9-5BF1-482B-8C95-EF26AF30E179}.Debug|x86.ActiveCfg = Debug|Any CPU
		{F1E79AF9-5BF1-482B-8C95-EF26AF30E179}.Debug|x86.Build.0 = Debug|Any CPU
		{F1E79AF9-5BF1-482B-8C95-EF26AF30E179}.Release|Any CPU.ActiveCfg = Release|Any CPU
		{F1E79AF9-5BF1-482B-8C95-EF26AF30E179}.Release|Any CPU.Build.0 = Release|Any CPU
		{F1E79AF9-5BF1-482B-8C95-EF26AF30E179}.Release|x64.ActiveCfg = Release|Any CPU
		{F1E79AF9-5BF1-482B-8C95-EF26AF30E179}.Release|x64.Build.0 = Release|Any CPU
		{F1E79AF9-5BF1-482B-8C95-EF26AF30E179}.Release|x86.ActiveCfg = Release|Any CPU
		{F1E79AF9-5BF1-482B-8C95-EF26AF30E179}.Release|x86.Build.0 = Release|Any CPU
		{EBC8DE8D-D425-4A30-81D0-29DF3A0AED6A}.Debug|Any CPU.ActiveCfg = Debug|Any CPU
		{EBC8DE8D-D425-4A30-81D0-29DF3A0AED6A}.Debug|Any CPU.Build.0 = Debug|Any CPU
		{EBC8DE8D-D425-4A30-81D0-29DF3A0AED6A}.Debug|x64.ActiveCfg = Debug|Any CPU
		{EBC8DE8D-D425-4A30-81D0-29DF3A0AED6A}.Debug|x64.Build.0 = Debug|Any CPU
		{EBC8DE8D-D425-4A30-81D0-29DF3A0AED6A}.Debug|x86.ActiveCfg = Debug|Any CPU
		{EBC8DE8D-D425-4A30-81D0-29DF3A0AED6A}.Debug|x86.Build.0 = Debug|Any CPU
		{EBC8DE8D-D425-4A30-81D0-29DF3A0AED6A}.Release|Any CPU.ActiveCfg = Release|Any CPU
		{EBC8DE8D-D425-4A30-81D0-29DF3A0AED6A}.Release|Any CPU.Build.0 = Release|Any CPU
		{EBC8DE8D-D425-4A30-81D0-29DF3A0AED6A}.Release|x64.ActiveCfg = Release|Any CPU
		{EBC8DE8D-D425-4A30-81D0-29DF3A0AED6A}.Release|x64.Build.0 = Release|Any CPU
		{EBC8DE8D-D425-4A30-81D0-29DF3A0AED6A}.Release|x86.ActiveCfg = Release|Any CPU
		{EBC8DE8D-D425-4A30-81D0-29DF3A0AED6A}.Release|x86.Build.0 = Release|Any CPU
		{A1B2C3D4-E5F6-4A5B-9C8D-E7F8A9B0C1D2}.Debug|Any CPU.ActiveCfg = Debug|Any CPU
		{A1B2C3D4-E5F6-4A5B-9C8D-E7F8A9B0C1D2}.Debug|Any CPU.Build.0 = Debug|Any CPU
		{A1B2C3D4-E5F6-4A5B-9C8D-E7F8A9B0C1D2}.Debug|x64.ActiveCfg = Debug|Any CPU
		{A1B2C3D4-E5F6-4A5B-9C8D-E7F8A9B0C1D2}.Debug|x64.Build.0 = Debug|Any CPU
		{A1B2C3D4-E5F6-4A5B-9C8D-E7F8A9B0C1D2}.Debug|x86.ActiveCfg = Debug|Any CPU
		{A1B2C3D4-E5F6-4A5B-9C8D-E7F8A9B0C1D2}.Debug|x86.Build.0 = Debug|Any CPU
		{A1B2C3D4-E5F6-4A5B-9C8D-E7F8A9B0C1D2}.Release|Any CPU.ActiveCfg = Release|Any CPU
		{A1B2C3D4-E5F6-4A5B-9C8D-E7F8A9B0C1D2}.Release|Any CPU.Build.0 = Release|Any CPU
		{A1B2C3D4-E5F6-4A5B-9C8D-E7F8A9B0C1D2}.Release|x64.ActiveCfg = Release|Any CPU
		{A1B2C3D4-E5F6-4A5B-9C8D-E7F8A9B0C1D2}.Release|x64.Build.0 = Release|Any CPU
		{A1B2C3D4-E5F6-4A5B-9C8D-E7F8A9B0C1D2}.Release|x86.ActiveCfg = Release|Any CPU
		{A1B2C3D4-E5F6-4A5B-9C8D-E7F8A9B0C1D2}.Release|x86.Build.0 = Release|Any CPU
		{E5D4C3B2-A1F0-4E9D-8C7B-6A5F4E3D2C1B}.Debug|Any CPU.ActiveCfg = Debug|Any CPU
		{E5D4C3B2-A1F0-4E9D-8C7B-6A5F4E3D2C1B}.Debug|Any CPU.Build.0 = Debug|Any CPU
		{E5D4C3B2-A1F0-4E9D-8C7B-6A5F4E3D2C1B}.Debug|x64.ActiveCfg = Debug|Any CPU
		{E5D4C3B2-A1F0-4E9D-8C7B-6A5F4E3D2C1B}.Debug|x64.Build.0 = Debug|Any CPU
		{E5D4C3B2-A1F0-4E9D-8C7B-6A5F4E3D2C1B}.Debug|x86.ActiveCfg = Debug|Any CPU
		{E5D4C3B2-A1F0-4E9D-8C7B-6A5F4E3D2C1B}.Debug|x86.Build.0 = Debug|Any CPU
		{E5D4C3B2-A1F0-4E9D-8C7B-6A5F4E3D2C1B}.Release|Any CPU.ActiveCfg = Release|Any CPU
		{E5D4C3B2-A1F0-4E9D-8C7B-6A5F4E3D2C1B}.Release|Any CPU.Build.0 = Release|Any CPU
		{E5D4C3B2-A1F0-4E9D-8C7B-6A5F4E3D2C1B}.Release|x64.ActiveCfg = Release|Any CPU
		{E5D4C3B2-A1F0-4E9D-8C7B-6A5F4E3D2C1B}.Release|x64.Build.0 = Release|Any CPU
		{E5D4C3B2-A1F0-4E9D-8C7B-6A5F4E3D2C1B}.Release|x86.ActiveCfg = Release|Any CPU
		{E5D4C3B2-A1F0-4E9D-8C7B-6A5F4E3D2C1B}.Release|x86.Build.0 = Release|Any CPU
		{C1B2A3F4-5E6D-7C8B-9A0D-1E2F3A4B5C6D}.Debug|Any CPU.ActiveCfg = Debug|Any CPU
		{C1B2A3F4-5E6D-7C8B-9A0D-1E2F3A4B5C6D}.Debug|Any CPU.Build.0 = Debug|Any CPU
		{C1B2A3F4-5E6D-7C8B-9A0D-1E2F3A4B5C6D}.Debug|x64.ActiveCfg = Debug|Any CPU
		{C1B2A3F4-5E6D-7C8B-9A0D-1E2F3A4B5C6D}.Debug|x64.Build.0 = Debug|Any CPU
		{C1B2A3F4-5E6D-7C8B-9A0D-1E2F3A4B5C6D}.Debug|x86.ActiveCfg = Debug|Any CPU
		{C1B2A3F4-5E6D-7C8B-9A0D-1E2F3A4B5C6D}.Debug|x86.Build.0 = Debug|Any CPU
		{C1B2A3F4-5E6D-7C8B-9A0D-1E2F3A4B5C6D}.Release|Any CPU.ActiveCfg = Release|Any CPU
		{C1B2A3F4-5E6D-7C8B-9A0D-1E2F3A4B5C6D}.Release|Any CPU.Build.0 = Release|Any CPU
		{C1B2A3F4-5E6D-7C8B-9A0D-1E2F3A4B5C6D}.Release|x64.ActiveCfg = Release|Any CPU
		{C1B2A3F4-5E6D-7C8B-9A0D-1E2F3A4B5C6D}.Release|x64.Build.0 = Release|Any CPU
		{C1B2A3F4-5E6D-7C8B-9A0D-1E2F3A4B5C6D}.Release|x86.ActiveCfg = Release|Any CPU
		{C1B2A3F4-5E6D-7C8B-9A0D-1E2F3A4B5C6D}.Release|x86.Build.0 = Release|Any CPU
		{7F6E5D4C-3B2A-1F0E-9D8C-7B6A5F4E3D2C}.Debug|Any CPU.ActiveCfg = Debug|Any CPU
		{7F6E5D4C-3B2A-1F0E-9D8C-7B6A5F4E3D2C}.Debug|Any CPU.Build.0 = Debug|Any CPU
		{7F6E5D4C-3B2A-1F0E-9D8C-7B6A5F4E3D2C}.Debug|x64.ActiveCfg = Debug|Any CPU
		{7F6E5D4C-3B2A-1F0E-9D8C-7B6A5F4E3D2C}.Debug|x64.Build.0 = Debug|Any CPU
		{7F6E5D4C-3B2A-1F0E-9D8C-7B6A5F4E3D2C}.Debug|x86.ActiveCfg = Debug|Any CPU
		{7F6E5D4C-3B2A-1F0E-9D8C-7B6A5F4E3D2C}.Debug|x86.Build.0 = Debug|Any CPU
		{7F6E5D4C-3B2A-1F0E-9D8C-7B6A5F4E3D2C}.Release|Any CPU.ActiveCfg = Release|Any CPU
		{7F6E5D4C-3B2A-1F0E-9D8C-7B6A5F4E3D2C}.Release|Any CPU.Build.0 = Release|Any CPU
		{7F6E5D4C-3B2A-1F0E-9D8C-7B6A5F4E3D2C}.Release|x64.ActiveCfg = Release|Any CPU
		{7F6E5D4C-3B2A-1F0E-9D8C-7B6A5F4E3D2C}.Release|x64.Build.0 = Release|Any CPU
		{7F6E5D4C-3B2A-1F0E-9D8C-7B6A5F4E3D2C}.Release|x86.ActiveCfg = Release|Any CPU
		{7F6E5D4C-3B2A-1F0E-9D8C-7B6A5F4E3D2C}.Release|x86.Build.0 = Release|Any CPU
		{7350DAF4-7BC8-4C84-AF26-A3BDA82A88F5}.Debug|Any CPU.ActiveCfg = Debug|Any CPU
		{7350DAF4-7BC8-4C84-AF26-A3BDA82A88F5}.Debug|Any CPU.Build.0 = Debug|Any CPU
		{7350DAF4-7BC8-4C84-AF26-A3BDA82A88F5}.Debug|x64.ActiveCfg = Debug|Any CPU
		{7350DAF4-7BC8-4C84-AF26-A3BDA82A88F5}.Debug|x64.Build.0 = Debug|Any CPU
		{7350DAF4-7BC8-4C84-AF26-A3BDA82A88F5}.Debug|x86.ActiveCfg = Debug|Any CPU
		{7350DAF4-7BC8-4C84-AF26-A3BDA82A88F5}.Debug|x86.Build.0 = Debug|Any CPU
		{7350DAF4-7BC8-4C84-AF26-A3BDA82A88F5}.Release|Any CPU.ActiveCfg = Release|Any CPU
		{7350DAF4-7BC8-4C84-AF26-A3BDA82A88F5}.Release|Any CPU.Build.0 = Release|Any CPU
		{7350DAF4-7BC8-4C84-AF26-A3BDA82A88F5}.Release|x64.ActiveCfg = Release|Any CPU
		{7350DAF4-7BC8-4C84-AF26-A3BDA82A88F5}.Release|x64.Build.0 = Release|Any CPU
		{7350DAF4-7BC8-4C84-AF26-A3BDA82A88F5}.Release|x86.ActiveCfg = Release|Any CPU
		{7350DAF4-7BC8-4C84-AF26-A3BDA82A88F5}.Release|x86.Build.0 = Release|Any CPU
	EndGlobalSection
	GlobalSection(NestedProjects) = preSolution
		{F1E79AF9-5BF1-482B-8C95-EF26AF30E179} = {827E0CD3-B72D-47B6-A68D-7590B98EB39B}
		{EBC8DE8D-D425-4A30-81D0-29DF3A0AED6A} = {827E0CD3-B72D-47B6-A68D-7590B98EB39B}
		{A1B2C3D4-E5F6-4A5B-9C8D-E7F8A9B0C1D2} = {827E0CD3-B72D-47B6-A68D-7590B98EB39B}
		{E5D4C3B2-A1F0-4E9D-8C7B-6A5F4E3D2C1B} = {D8C7B6A5-9F8E-4D3C-2B1A-F0E9D8C7B6A5}
		{C1B2A3F4-5E6D-7C8B-9A0D-1E2F3A4B5C6D} = {D8C7B6A5-9F8E-4D3C-2B1A-F0E9D8C7B6A5}
		{7F6E5D4C-3B2A-1F0E-9D8C-7B6A5F4E3D2C} = {D8C7B6A5-9F8E-4D3C-2B1A-F0E9D8C7B6A5}
		{7350DAF4-7BC8-4C84-AF26-A3BDA82A88F5} = {827E0CD3-B72D-47B6-A68D-7590B98EB39B}
	EndGlobalSection
	GlobalSection(SolutionProperties) = preSolution
		HideSolutionNode = FALSE
	EndGlobalSection
EndGlobal
